Microsoft Visual Studio Solution File, Format Version 11.00
# Visual Studio 2008

Project("{B5547B1E-B77A-8015-709E-C588A5502374}") = "Sample Tilemap Project", "Assembly-CSharp.csproj", "{05DFB5EB-3923-2330-F465-54BE8960F632}"
EndProject
Project("{B5547B1E-B77A-8015-709E-C588A5502374}") = "Sample Tilemap Project", "Assembly-CSharp-Editor.csproj", "{BF6421FA-42E1-B5A7-C8F1-18AEAC6D83A7}"
EndProject
Global
	GlobalSection(SolutionConfigurationPlatforms) = preSolution
		Debug|Any CPU = Debug|Any CPU
		Release|Any CPU = Release|Any CPU
	EndGlobalSection
	GlobalSection(ProjectConfigurationPlatforms) = postSolution
		{05DFB5EB-3923-2330-F465-54BE8960F632}.Debug|Any CPU.ActiveCfg = Debug|Any CPU
		{05DFB5EB-3923-2330-F465-54BE8960F632}.Debug|Any CPU.Build.0 = Debug|Any CPU
		{05DFB5EB-3923-2330-F465-54BE8960F632}.Release|Any CPU.ActiveCfg = Release|Any CPU
		{05DFB5EB-3923-2330-F465-54BE8960F632}.Release|Any CPU.Build.0 = Release|Any CPU
		{BF6421FA-42E1-B5A7-C8F1-18AEAC6D83A7}.Debug|Any CPU.ActiveCfg = Debug|Any CPU
		{BF6421FA-42E1-B5A7-C8F1-18AEAC6D83A7}.Debug|Any CPU.Build.0 = Debug|Any CPU
		{BF6421FA-42E1-B5A7-C8F1-18AEAC6D83A7}.Release|Any CPU.ActiveCfg = Release|Any CPU
		{BF6421FA-42E1-B5A7-C8F1-18AEAC6D83A7}.Release|Any CPU.Build.0 = Release|Any CPU
	EndGlobalSection
	GlobalSection(SolutionProperties) = preSolution
		HideSolutionNode = FALSE
	EndGlobalSection
										GlobalSection(MonoDevelopProperties) = preSolution
		StartupItem = Assembly-CSharp.csproj
		Policies = $0
		$0.TextStylePolicy = $1
		$1.inheritsSet = null
		$1.scope = text/x-csharp
		$0.CSharpFormattingPolicy = $2
		$2.inheritsSet = Mono
		$2.inheritsScope = text/x-csharp
		$2.scope = text/x-csharp
		$0.TextStylePolicy = $3
		$3.FileWidth = 120
		$3.TabWidth = 4
		$3.EolMarker = Unix
		$3.inheritsSet = Mono
		$3.inheritsScope = text/plain
		$3.scope = text/plain
	EndGlobalSection

EndGlobal
